
Microsoft Visual Studio Solution File, Format Version 12.00
# Visual Studio Version 17
VisualStudioVersion = 17.11.35222.181
MinimumVisualStudioVersion = 10.0.40219.1
Project("{FAE04EC0-301F-11D3-BF4B-00C04F79EFBC}") = "CollaberaTestTask", "CollaberaTestTask\CollaberaTestTask.csproj", "{CA0D573E-8A85-48DF-9B26-09931CA63236}"
EndProject
Global
	GlobalSection(SolutionConfigurationPlatforms) = preSolution
		Debug|Any CPU = Debug|Any CPU
		Release|Any CPU = Release|Any CPU
	EndGlobalSection
	GlobalSection(ProjectConfigurationPlatforms) = postSolution
		{CA0D573E-8A85-48DF-9B26-09931CA63236}.Debug|Any CPU.ActiveCfg = Debug|Any CPU
		{CA0D573E-8A85-48DF-9B26-09931CA63236}.Debug|Any CPU.Build.0 = Debug|Any CPU
		{CA0D573E-8A85-48DF-9B26-09931CA63236}.Release|Any CPU.ActiveCfg = Release|Any CPU
		{CA0D573E-8A85-48DF-9B26-09931CA63236}.Release|Any CPU.Build.0 = Release|Any CPU
	EndGlobalSection
	GlobalSection(SolutionProperties) = preSolution
		HideSolutionNode = FALSE
	EndGlobalSection
	GlobalSection(ExtensibilityGlobals) = postSolution
		SolutionGuid = {032A2C1F-FB19-4F86-B794-99E5870ADE16}
	EndGlobalSection
EndGlobal
